<Solution>
  <Project Path="src/NFramework.Persistence.Abstractions/NFramework.Persistence.Abstractions.csproj" />
  <Project Path="src/NFramework.Persistence.EFCore/NFramework.Persistence.EFCore.csproj" />
  <Project Path="tests/unit/NFramework.Persistence.Abstractions.Tests/NFramework.Persistence.Abstractions.Tests.csproj" />
  <Project Path="tests/unit/NFramework.Persistence.EFCore.Tests/NFramework.Persistence.EFCore.Tests.csproj" />
  <Project Path="tests/benchmark/NFramework.Persistence.EFCore.Benchmarks/NFramework.Persistence.EFCore.Benchmarks.csproj" />
  <Project Path="tests/smoke/NFramework.Persistence.AotSample/NFramework.Persistence.AotSample.csproj" />
</Solution>
